{
  "name": "tenorflow",
  "version": "0.0.1",
  "lockfileVersion": 3,
  "requires": true,
  "packages": {
    "": {
      "name": "tenorflow",
      "version": "0.0.1",
      "license": "MIT",
      "dependencies": {
        "layui": "^2.9.9"
      },
      "devDependencies": {
        "@grame/faustwasm": "^0.2.2",
        "@shren/faust-ui": "^1.1.9"
      }
    },
    "node_modules/@grame/faustwasm": {
      "version": "0.2.2",
      "resolved": "https://registry.npmjs.org/@grame/faustwasm/-/faustwasm-0.2.2.tgz",
      "integrity": "sha512-QwzSStpnLmOmflPzfViYIDt5CGixCM+QmdqtFAQVsj0Z1AwgVFOfmBkDkCIsbS2dtMFzcG6btu5T/g/aqGj5rA==",
      "dev": true,
      "dependencies": {
        "@types/emscripten": "^1.39.10"
      },
      "bin": {
        "faust2sndfile-ts": "scripts/faust2sndfile.js",
        "faust2svg-ts": "scripts/faust2svg.js",
        "faust2wasm-ts": "scripts/faust2wasm.js"
      }
    },
    "node_modules/@shren/faust-ui": {
      "version": "1.1.9",
      "resolved": "https://registry.npmjs.org/@shren/faust-ui/-/faust-ui-1.1.9.tgz",
      "integrity": "sha512-Uibph25tpwkwzEo+RnVeOKeXTT75Bq1LqxjUes73ICT1dOTBeVUP6BowZF55nvmyxPGCV4iAn/Ul41dzrBHSgQ==",
      "dev": true
    },
    "node_modules/@types/emscripten": {
      "version": "1.39.12",
      "resolved": "https://registry.npmjs.org/@types/emscripten/-/emscripten-1.39.12.tgz",
      "integrity": "sha512-AQImDBgudQfMqUBfrjZYilRxoHDzTBp+ejh+g1fY67eSMalwIKtBXofjpyI0JBgNpHGzxeGAR2QDya0wxW9zbA==",
      "dev": true
    },
    "node_modules/layui": {
      "version": "2.9.9",
      "resolved": "https://registry.npmjs.org/layui/-/layui-2.9.9.tgz",
      "integrity": "sha512-cHOe50V03KJwva77ZlAfz/pustOVMQ04BloNRTgEkxrDRTAYcNbGou45UEE7g8ZwwMC892QWuUM60xEjl5eNCQ=="
    }
  }
}
